
Microsoft Visual Studio Solution File, Format Version 12.00
# Visual Studio Version 17
VisualStudioVersion = 17.12.35707.178 d17.12
MinimumVisualStudioVersion = 10.0.40219.1
Project("{FAE04EC0-301F-11D3-BF4B-00C04F79EFBC}") = "hw", "hw\hw.csproj", "{55EFE44B-5169-44C6-A77C-0DA0A87FEE4D}"
EndProject
Global
	GlobalSection(SolutionConfigurationPlatforms) = preSolution
		Debug|Any CPU = Debug|Any CPU
		Release|Any CPU = Release|Any CPU
	EndGlobalSection
	GlobalSection(ProjectConfigurationPlatforms) = postSolution
		{55EFE44B-5169-44C6-A77C-0DA0A87FEE4D}.Debug|Any CPU.ActiveCfg = Debug|Any CPU
		{55EFE44B-5169-44C6-A77C-0DA0A87FEE4D}.Debug|Any CPU.Build.0 = Debug|Any CPU
		{55EFE44B-5169-44C6-A77C-0DA0A87FEE4D}.Release|Any CPU.ActiveCfg = Release|Any CPU
		{55EFE44B-5169-44C6-A77C-0DA0A87FEE4D}.Release|Any CPU.Build.0 = Release|Any CPU
	EndGlobalSection
	GlobalSection(SolutionProperties) = preSolution
		HideSolutionNode = FALSE
	EndGlobalSection
EndGlobal
